
Microsoft Visual Studio Solution File, Format Version 12.00
# Visual Studio Version 16
VisualStudioVersion = 16.0.30330.147
MinimumVisualStudioVersion = 10.0.40219.1
Project("{8BC9CEB8-8B4A-11D0-8D11-00A0C91BC942}") = "Proyecto1ED2", "Proyecto1ED2\Proyecto1ED2.vcxproj", "{42E7EED4-4A81-4661-91DE-AF07B486F939}"
EndProject
Global
	GlobalSection(SolutionConfigurationPlatforms) = preSolution
		Debug|x64 = Debug|x64
		Debug|x86 = Debug|x86
		Release|x64 = Release|x64
		Release|x86 = Release|x86
	EndGlobalSection
	GlobalSection(ProjectConfigurationPlatforms) = postSolution
		{42E7EED4-4A81-4661-91DE-AF07B486F939}.Debug|x64.ActiveCfg = Debug|x64
		{42E7EED4-4A81-4661-91DE-AF07B486F939}.Debug|x64.Build.0 = Debug|x64
		{42E7EED4-4A81-4661-91DE-AF07B486F939}.Debug|x86.ActiveCfg = Debug|Win32
		{42E7EED4-4A81-4661-91DE-AF07B486F939}.Debug|x86.Build.0 = Debug|Win32
		{42E7EED4-4A81-4661-91DE-AF07B486F939}.Release|x64.ActiveCfg = Release|x64
		{42E7EED4-4A81-4661-91DE-AF07B486F939}.Release|x64.Build.0 = Release|x64
		{42E7EED4-4A81-4661-91DE-AF07B486F939}.Release|x86.ActiveCfg = Release|Win32
		{42E7EED4-4A81-4661-91DE-AF07B486F939}.Release|x86.Build.0 = Release|Win32
	EndGlobalSection
	GlobalSection(SolutionProperties) = preSolution
		HideSolutionNode = FALSE
	EndGlobalSection
	GlobalSection(ExtensibilityGlobals) = postSolution
		SolutionGuid = {0CF965F4-C3D9-4C48-BF34-73EF11F5500C}
	EndGlobalSection
EndGlobal
